
Microsoft Visual Studio Solution File, Format Version 11.00
# Visual Studio 2010
Project("{FAE04EC0-301F-11D3-BF4B-00C04F79EFBC}") = "PontaCabecaResolver", "PontaCabecaResolver.csproj", "{EB64E295-A65D-4171-8355-82605E0F25DC}"
EndProject
Project("{2150E333-8FDC-42A3-9474-1A3956D46DE8}") = "Solution Items", "Solution Items", "{7CBAB9C3-44D3-4FD9-AC6B-B9812A7B9E1F}"
	ProjectSection(SolutionItems) = preProject
		Performance1.psess = Performance1.psess
	EndProjectSection
EndProject
Global
	GlobalSection(SolutionConfigurationPlatforms) = preSolution
		Debug|x86 = Debug|x86
		Release|x86 = Release|x86
	EndGlobalSection
	GlobalSection(ProjectConfigurationPlatforms) = postSolution
		{EB64E295-A65D-4171-8355-82605E0F25DC}.Debug|x86.ActiveCfg = Debug|x86
		{EB64E295-A65D-4171-8355-82605E0F25DC}.Debug|x86.Build.0 = Debug|x86
		{EB64E295-A65D-4171-8355-82605E0F25DC}.Release|x86.ActiveCfg = Release|x86
		{EB64E295-A65D-4171-8355-82605E0F25DC}.Release|x86.Build.0 = Release|x86
	EndGlobalSection
	GlobalSection(SolutionProperties) = preSolution
		HideSolutionNode = FALSE
	EndGlobalSection
EndGlobal
